// !$*UTF8*$!
{
	archiveVersion = 1;
	classes = {
	};
	objectVersion = 46;
	objects = {

/* Begin PBXBuildFile section */
		1C5D1BCA1AF4E2FB001329B9 /* main.c in Sources */ = {isa = PBXBuildFile; fileRef = 1C5D1BC91AF4E2FB001329B9 /* main.c */; };
		1C5D1BD81AF4E571001329B9 /* NB_Universe.c in Sources */ = {isa = PBXBuildFile; fileRef = 1C5D1BD61AF4E571001329B9 /* NB_Universe.c */; };
		1C5D1BDB1AF4E6F9001329B9 /* NB_Body.c in Sources */ = {isa = PBXBuildFile; fileRef = 1C5D1BD91AF4E6F9001329B9 /* NB_Body.c */; };
		1CEFE4641AF4FAE600501CD1 /* libiomp5.dylib in Frameworks */ = {isa = PBXBuildFile; fileRef = 1CEFE4631AF4FAE600501CD1 /* libiomp5.dylib */; };
		1CEFE5411AF501C600501CD1 /* graphics.c in Sources */ = {isa = PBXBuildFile; fileRef = 1CEFE53F1AF501C600501CD1 /* graphics.c */; };
		1CEFE5441AF5178D00501CD1 /* NB_Calculations.c in Sources */ = {isa = PBXBuildFile; fileRef = 1CEFE5421AF5178D00501CD1 /* NB_Calculations.c */; };
		1CEFE54B1AF6736200501CD1 /* Quad.c in Sources */ = {isa = PBXBuildFile; fileRef = 1CEFE5491AF6736200501CD1 /* Quad.c */; };
		1CEFE54E1AF6772D00501CD1 /* BHTree.c in Sources */ = {isa = PBXBuildFile; fileRef = 1CEFE54C1AF6772D00501CD1 /* BHTree.c */; };
/* End PBXBuildFile section */

/* Begin PBXCopyFilesBuildPhase section */
		1C5D1BC41AF4E2FB001329B9 /* CopyFiles */ = {
			isa = PBXCopyFilesBuildPhase;
			buildActionMask = 2147483647;
			dstPath = /usr/share/man/man1/;
			dstSubfolderSpec = 0;
			files = (
			);
			runOnlyForDeploymentPostprocessing = 1;
		};
/* End PBXCopyFilesBuildPhase section */

/* Begin PBXFileReference section */
		1C5D1BC61AF4E2FB001329B9 /* N-body_problem */ = {isa = PBXFileReference; explicitFileType = "compiled.mach-o.executable"; includeInIndex = 0; path = "N-body_problem"; sourceTree = BUILT_PRODUCTS_DIR; };
		1C5D1BC91AF4E2FB001329B9 /* main.c */ = {isa = PBXFileReference; lastKnownFileType = sourcecode.c.c; path = main.c; sourceTree = "<group>"; };
		1C5D1BD01AF4E356001329B9 /* NB.Globals.h */ = {isa = PBXFileReference; lastKnownFileType = sourcecode.c.h; path = NB.Globals.h; sourceTree = "<group>"; };
		1C5D1BD61AF4E571001329B9 /* NB_Universe.c */ = {isa = PBXFileReference; fileEncoding = 4; lastKnownFileType = sourcecode.c.c; path = NB_Universe.c; sourceTree = "<group>"; };
		1C5D1BD71AF4E571001329B9 /* NB_Universe.h */ = {isa = PBXFileReference; fileEncoding = 4; lastKnownFileType = sourcecode.c.h; path = NB_Universe.h; sourceTree = "<group>"; };
		1C5D1BD91AF4E6F9001329B9 /* NB_Body.c */ = {isa = PBXFileReference; fileEncoding = 4; lastKnownFileType = sourcecode.c.c; path = NB_Body.c; sourceTree = "<group>"; };
		1C5D1BDA1AF4E6F9001329B9 /* NB_Body.h */ = {isa = PBXFileReference; fileEncoding = 4; lastKnownFileType = sourcecode.c.h; path = NB_Body.h; sourceTree = "<group>"; };
		1CEFE4631AF4FAE600501CD1 /* libiomp5.dylib */ = {isa = PBXFileReference; lastKnownFileType = "compiled.mach-o.dylib"; name = libiomp5.dylib; path = ../../../../../../../../usr/local/Cellar/libiomp/20150227/lib/libiomp5.dylib; sourceTree = "<group>"; };
		1CEFE53F1AF501C600501CD1 /* graphics.c */ = {isa = PBXFileReference; fileEncoding = 4; lastKnownFileType = sourcecode.c.c; path = graphics.c; sourceTree = "<group>"; };
		1CEFE5401AF501C600501CD1 /* graphics.h */ = {isa = PBXFileReference; fileEncoding = 4; lastKnownFileType = sourcecode.c.h; path = graphics.h; sourceTree = "<group>"; };
		1CEFE5421AF5178D00501CD1 /* NB_Calculations.c */ = {isa = PBXFileReference; fileEncoding = 4; lastKnownFileType = sourcecode.c.c; path = NB_Calculations.c; sourceTree = "<group>"; };
		1CEFE5431AF5178D00501CD1 /* NB_Calculations.h */ = {isa = PBXFileReference; fileEncoding = 4; lastKnownFileType = sourcecode.c.h; path = NB_Calculations.h; sourceTree = "<group>"; };
		1CEFE5491AF6736200501CD1 /* Quad.c */ = {isa = PBXFileReference; fileEncoding = 4; lastKnownFileType = sourcecode.c.c; path = Quad.c; sourceTree = "<group>"; };
		1CEFE54A1AF6736200501CD1 /* Quad.h */ = {isa = PBXFileReference; fileEncoding = 4; lastKnownFileType = sourcecode.c.h; path = Quad.h; sourceTree = "<group>"; };
		1CEFE54C1AF6772D00501CD1 /* BHTree.c */ = {isa = PBXFileReference; fileEncoding = 4; lastKnownFileType = sourcecode.c.c; path = BHTree.c; sourceTree = "<group>"; };
		1CEFE54D1AF6772D00501CD1 /* BHTree.h */ = {isa = PBXFileReference; fileEncoding = 4; lastKnownFileType = sourcecode.c.h; path = BHTree.h; sourceTree = "<group>"; };
/* End PBXFileReference section */

/* Begin PBXFrameworksBuildPhase section */
		1C5D1BC31AF4E2FB001329B9 /* Frameworks */ = {
			isa = PBXFrameworksBuildPhase;
			buildActionMask = 2147483647;
			files = (
				1CEFE4641AF4FAE600501CD1 /* libiomp5.dylib in Frameworks */,
			);
			runOnlyForDeploymentPostprocessing = 0;
		};
/* End PBXFrameworksBuildPhase section */

/* Begin PBXGroup section */
		1C5D1BBD1AF4E2FB001329B9 = {
			isa = PBXGroup;
			children = (
				1CEFE5481AF6734A00501CD1 /* Quad_Tree */,
				1CEFE4651AF4FDC800501CD1 /* Graphics */,
				1CEFE4631AF4FAE600501CD1 /* libiomp5.dylib */,
				1C5D1BC81AF4E2FB001329B9 /* N-body_problem */,
				1C5D1BC71AF4E2FB001329B9 /* Products */,
			);
			sourceTree = "<group>";
		};
		1C5D1BC71AF4E2FB001329B9 /* Products */ = {
			isa = PBXGroup;
			children = (
				1C5D1BC61AF4E2FB001329B9 /* N-body_problem */,
			);
			name = Products;
			sourceTree = "<group>";
		};
		1C5D1BC81AF4E2FB001329B9 /* N-body_problem */ = {
			isa = PBXGroup;
			children = (
				1C5D1BD61AF4E571001329B9 /* NB_Universe.c */,
				1C5D1BD71AF4E571001329B9 /* NB_Universe.h */,
				1C5D1BC91AF4E2FB001329B9 /* main.c */,
				1C5D1BD91AF4E6F9001329B9 /* NB_Body.c */,
				1C5D1BDA1AF4E6F9001329B9 /* NB_Body.h */,
				1CEFE5421AF5178D00501CD1 /* NB_Calculations.c */,
				1CEFE5431AF5178D00501CD1 /* NB_Calculations.h */,
				1C5D1BD01AF4E356001329B9 /* NB.Globals.h */,
			);
			path = "N-body_problem";
			sourceTree = "<group>";
		};
		1CEFE4651AF4FDC800501CD1 /* Graphics */ = {
			isa = PBXGroup;
			children = (
				1CEFE53F1AF501C600501CD1 /* graphics.c */,
				1CEFE5401AF501C600501CD1 /* graphics.h */,
			);
			name = Graphics;
			sourceTree = "<group>";
		};
		1CEFE5481AF6734A00501CD1 /* Quad_Tree */ = {
			isa = PBXGroup;
			children = (
				1CEFE5491AF6736200501CD1 /* Quad.c */,
				1CEFE54A1AF6736200501CD1 /* Quad.h */,
				1CEFE54C1AF6772D00501CD1 /* BHTree.c */,
				1CEFE54D1AF6772D00501CD1 /* BHTree.h */,
			);
			name = Quad_Tree;
			sourceTree = "<group>";
		};
/* End PBXGroup section */

/* Begin PBXNativeTarget section */
		1C5D1BC51AF4E2FB001329B9 /* N-body_problem */ = {
			isa = PBXNativeTarget;
			buildConfigurationList = 1C5D1BCD1AF4E2FB001329B9 /* Build configuration list for PBXNativeTarget "N-body_problem" */;
			buildPhases = (
				1C5D1BC21AF4E2FB001329B9 /* Sources */,
				1C5D1BC31AF4E2FB001329B9 /* Frameworks */,
				1C5D1BC41AF4E2FB001329B9 /* CopyFiles */,
			);
			buildRules = (
			);
			dependencies = (
			);
			name = "N-body_problem";
			productName = "N-body_problem";
			productReference = 1C5D1BC61AF4E2FB001329B9 /* N-body_problem */;
			productType = "com.apple.product-type.tool";
		};
/* End PBXNativeTarget section */

/* Begin PBXProject section */
		1C5D1BBE1AF4E2FB001329B9 /* Project object */ = {
			isa = PBXProject;
			attributes = {
				LastUpgradeCheck = 0610;
				ORGANIZATIONNAME = "Sergii Gryshkevych";
				TargetAttributes = {
					1C5D1BC51AF4E2FB001329B9 = {
						CreatedOnToolsVersion = 6.1;
					};
				};
			};
			buildConfigurationList = 1C5D1BC11AF4E2FB001329B9 /* Build configuration list for PBXProject "N-body_problem" */;
			compatibilityVersion = "Xcode 3.2";
			developmentRegion = English;
			hasScannedForEncodings = 0;
			knownRegions = (
				en,
				Base,
			);
			mainGroup = 1C5D1BBD1AF4E2FB001329B9;
			productRefGroup = 1C5D1BC71AF4E2FB001329B9 /* Products */;
			projectDirPath = "";
			projectRoot = "";
			targets = (
				1C5D1BC51AF4E2FB001329B9 /* N-body_problem */,
			);
		};
/* End PBXProject section */

/* Begin PBXSourcesBuildPhase section */
		1C5D1BC21AF4E2FB001329B9 /* Sources */ = {
			isa = PBXSourcesBuildPhase;
			buildActionMask = 2147483647;
			files = (
				1CEFE54E1AF6772D00501CD1 /* BHTree.c in Sources */,
				1CEFE5441AF5178D00501CD1 /* NB_Calculations.c in Sources */,
				1CEFE5411AF501C600501CD1 /* graphics.c in Sources */,
				1C5D1BDB1AF4E6F9001329B9 /* NB_Body.c in Sources */,
				1C5D1BD81AF4E571001329B9 /* NB_Universe.c in Sources */,
				1CEFE54B1AF6736200501CD1 /* Quad.c in Sources */,
				1C5D1BCA1AF4E2FB001329B9 /* main.c in Sources */,
			);
			runOnlyForDeploymentPostprocessing = 0;
		};
/* End PBXSourcesBuildPhase section */

/* Begin XCBuildConfiguration section */
		1C5D1BCB1AF4E2FB001329B9 /* Debug */ = {
			isa = XCBuildConfiguration;
			buildSettings = {
				ALWAYS_SEARCH_USER_PATHS = NO;
				CLANG_CXX_LANGUAGE_STANDARD = "gnu++0x";
				CLANG_CXX_LIBRARY = "libc++";
				CLANG_ENABLE_MODULES = YES;
				CLANG_ENABLE_OBJC_ARC = YES;
				CLANG_WARN_BOOL_CONVERSION = YES;
				CLANG_WARN_CONSTANT_CONVERSION = YES;
				CLANG_WARN_DIRECT_OBJC_ISA_USAGE = YES_ERROR;
				CLANG_WARN_EMPTY_BODY = YES;
				CLANG_WARN_ENUM_CONVERSION = YES;
				CLANG_WARN_INT_CONVERSION = YES;
				CLANG_WARN_OBJC_ROOT_CLASS = YES_ERROR;
				CLANG_WARN_UNREACHABLE_CODE = YES;
				CLANG_WARN__DUPLICATE_METHOD_MATCH = YES;
				COPY_PHASE_STRIP = NO;
				ENABLE_STRICT_OBJC_MSGSEND = YES;
				GCC_C_LANGUAGE_STANDARD = gnu99;
				GCC_DYNAMIC_NO_PIC = NO;
				GCC_OPTIMIZATION_LEVEL = 0;
				GCC_PREPROCESSOR_DEFINITIONS = (
					"DEBUG=1",
					"$(inherited)",
				);
				GCC_SYMBOLS_PRIVATE_EXTERN = NO;
				GCC_WARN_64_TO_32_BIT_CONVERSION = YES;
				GCC_WARN_ABOUT_RETURN_TYPE = YES_ERROR;
				GCC_WARN_UNDECLARED_SELECTOR = YES;
				GCC_WARN_UNINITIALIZED_AUTOS = YES_AGGRESSIVE;
				GCC_WARN_UNUSED_FUNCTION = YES;
				GCC_WARN_UNUSED_VARIABLE = YES;
				MACOSX_DEPLOYMENT_TARGET = 10.10;
				MTL_ENABLE_DEBUG_INFO = YES;
				ONLY_ACTIVE_ARCH = YES;
				SDKROOT = macosx;
			};
			name = Debug;
		};
		1C5D1BCC1AF4E2FB001329B9 /* Release */ = {
			isa = XCBuildConfiguration;
			buildSettings = {
				ALWAYS_SEARCH_USER_PATHS = NO;
				CLANG_CXX_LANGUAGE_STANDARD = "gnu++0x";
				CLANG_CXX_LIBRARY = "libc++";
				CLANG_ENABLE_MODULES = YES;
				CLANG_ENABLE_OBJC_ARC = YES;
				CLANG_WARN_BOOL_CONVERSION = YES;
				CLANG_WARN_CONSTANT_CONVERSION = YES;
				CLANG_WARN_DIRECT_OBJC_ISA_USAGE = YES_ERROR;
				CLANG_WARN_EMPTY_BODY = YES;
				CLANG_WARN_ENUM_CONVERSION = YES;
				CLANG_WARN_INT_CONVERSION = YES;
				CLANG_WARN_OBJC_ROOT_CLASS = YES_ERROR;
				CLANG_WARN_UNREACHABLE_CODE = YES;
				CLANG_WARN__DUPLICATE_METHOD_MATCH = YES;
				COPY_PHASE_STRIP = YES;
				DEBUG_INFORMATION_FORMAT = "dwarf-with-dsym";
				ENABLE_NS_ASSERTIONS = NO;
				ENABLE_STRICT_OBJC_MSGSEND = YES;
				GCC_C_LANGUAGE_STANDARD = gnu99;
				GCC_WARN_64_TO_32_BIT_CONVERSION = YES;
				GCC_WARN_ABOUT_RETURN_TYPE = YES_ERROR;
				GCC_WARN_UNDECLARED_SELECTOR = YES;
				GCC_WARN_UNINITIALIZED_AUTOS = YES_AGGRESSIVE;
				GCC_WARN_UNUSED_FUNCTION = YES;
				GCC_WARN_UNUSED_VARIABLE = YES;
				MACOSX_DEPLOYMENT_TARGET = 10.10;
				MTL_ENABLE_DEBUG_INFO = NO;
				SDKROOT = macosx;
			};
			name = Release;
		};
		1C5D1BCE1AF4E2FB001329B9 /* Debug */ = {
			isa = XCBuildConfiguration;
			buildSettings = {
				CC = "/usr/local/bin/clang-omp";
				HEADER_SEARCH_PATHS = (
					"$(inherited)",
					/Applications/Xcode.app/Contents/Developer/Toolchains/XcodeDefault.xctoolchain/usr/include,
					/usr/local/include,
				);
				LIBRARY_SEARCH_PATHS = (
					"$(inherited)",
					/usr/local/Cellar/libiomp/20150227/lib,
				);
				OTHER_CFLAGS = (
					"-fopenmp",
					"-g",
				);
				PRODUCT_NAME = "$(TARGET_NAME)";
			};
			name = Debug;
		};
		1C5D1BCF1AF4E2FB001329B9 /* Release */ = {
			isa = XCBuildConfiguration;
			buildSettings = {
				CC = "/usr/local/bin/clang-omp";
				HEADER_SEARCH_PATHS = (
					"$(inherited)",
					/Applications/Xcode.app/Contents/Developer/Toolchains/XcodeDefault.xctoolchain/usr/include,
					/usr/local/include,
				);
				LIBRARY_SEARCH_PATHS = (
					"$(inherited)",
					/usr/local/Cellar/libiomp/20150227/lib,
				);
				OTHER_CFLAGS = (
					"-fopenmp",
					"-g",
				);
				PRODUCT_NAME = "$(TARGET_NAME)";
			};
			name = Release;
		};
/* End XCBuildConfiguration section */

/* Begin XCConfigurationList section */
		1C5D1BC11AF4E2FB001329B9 /* Build configuration list for PBXProject "N-body_problem" */ = {
			isa = XCConfigurationList;
			buildConfigurations = (
				1C5D1BCB1AF4E2FB001329B9 /* Debug */,
				1C5D1BCC1AF4E2FB001329B9 /* Release */,
			);
			defaultConfigurationIsVisible = 0;
			defaultConfigurationName = Release;
		};
		1C5D1BCD1AF4E2FB001329B9 /* Build configuration list for PBXNativeTarget "N-body_problem" */ = {
			isa = XCConfigurationList;
			buildConfigurations = (
				1C5D1BCE1AF4E2FB001329B9 /* Debug */,
				1C5D1BCF1AF4E2FB001329B9 /* Release */,
			);
			defaultConfigurationIsVisible = 0;
			defaultConfigurationName = Release;
		};
/* End XCConfigurationList section */
	};
	rootObject = 1C5D1BBE1AF4E2FB001329B9 /* Project object */;
}
